
Microsoft Visual Studio Solution File, Format Version 12.00
# Visual Studio Version 17
VisualStudioVersion = 17.0.32014.148
MinimumVisualStudioVersion = 10.0.40219.1
Project("{FAE04EC0-301F-11D3-BF4B-00C04F79EFBC}") = "DesktopDuplication", "DesktopDuplication\DesktopDuplication.csproj", "{222C215B-663F-4BD6-9B3E-8FA99C867B22}"
EndProject
Project("{FAE04EC0-301F-11D3-BF4B-00C04F79EFBC}") = "DesktopDuplication.Demo", "DesktopDuplication.Demo\DesktopDuplication.Demo.csproj", "{74CC9032-E6E6-4620-B9B7-36251023A1C9}"
EndProject
Global
	GlobalSection(SolutionConfigurationPlatforms) = preSolution
		Debug|Any CPU = Debug|Any CPU
		Debug|x64 = Debug|x64
		Debug|x86 = Debug|x86
		Release|Any CPU = Release|Any CPU
		Release|x64 = Release|x64
		Release|x86 = Release|x86
	EndGlobalSection
	GlobalSection(ProjectConfigurationPlatforms) = postSolution
		{222C215B-663F-4BD6-9B3E-8FA99C867B22}.Debug|Any CPU.ActiveCfg = Debug|Any CPU
		{222C215B-663F-4BD6-9B3E-8FA99C867B22}.Debug|Any CPU.Build.0 = Debug|Any CPU
		{222C215B-663F-4BD6-9B3E-8FA99C867B22}.Debug|x64.ActiveCfg = Debug|Any CPU
		{222C215B-663F-4BD6-9B3E-8FA99C867B22}.Debug|x64.Build.0 = Debug|Any CPU
		{222C215B-663F-4BD6-9B3E-8FA99C867B22}.Debug|x86.ActiveCfg = Debug|Any CPU
		{222C215B-663F-4BD6-9B3E-8FA99C867B22}.Debug|x86.Build.0 = Debug|Any CPU
		{222C215B-663F-4BD6-9B3E-8FA99C867B22}.Release|Any CPU.ActiveCfg = Release|Any CPU
		{222C215B-663F-4BD6-9B3E-8FA99C867B22}.Release|Any CPU.Build.0 = Release|Any CPU
		{222C215B-663F-4BD6-9B3E-8FA99C867B22}.Release|x64.ActiveCfg = Release|Any CPU
		{222C215B-663F-4BD6-9B3E-8FA99C867B22}.Release|x64.Build.0 = Release|Any CPU
		{222C215B-663F-4BD6-9B3E-8FA99C867B22}.Release|x86.ActiveCfg = Release|Any CPU
		{222C215B-663F-4BD6-9B3E-8FA99C867B22}.Release|x86.Build.0 = Release|Any CPU
		{74CC9032-E6E6-4620-B9B7-36251023A1C9}.Debug|Any CPU.ActiveCfg = Debug|Any CPU
		{74CC9032-E6E6-4620-B9B7-36251023A1C9}.Debug|Any CPU.Build.0 = Debug|Any CPU
		{74CC9032-E6E6-4620-B9B7-36251023A1C9}.Debug|x64.ActiveCfg = Debug|Any CPU
		{74CC9032-E6E6-4620-B9B7-36251023A1C9}.Debug|x64.Build.0 = Debug|Any CPU
		{74CC9032-E6E6-4620-B9B7-36251023A1C9}.Debug|x86.ActiveCfg = Debug|Any CPU
		{74CC9032-E6E6-4620-B9B7-36251023A1C9}.Debug|x86.Build.0 = Debug|Any CPU
		{74CC9032-E6E6-4620-B9B7-36251023A1C9}.Release|Any CPU.ActiveCfg = Release|Any CPU
		{74CC9032-E6E6-4620-B9B7-36251023A1C9}.Release|Any CPU.Build.0 = Release|Any CPU
		{74CC9032-E6E6-4620-B9B7-36251023A1C9}.Release|x64.ActiveCfg = Release|Any CPU
		{74CC9032-E6E6-4620-B9B7-36251023A1C9}.Release|x64.Build.0 = Release|Any CPU
		{74CC9032-E6E6-4620-B9B7-36251023A1C9}.Release|x86.ActiveCfg = Release|Any CPU
		{74CC9032-E6E6-4620-B9B7-36251023A1C9}.Release|x86.Build.0 = Release|Any CPU
	EndGlobalSection
	GlobalSection(SolutionProperties) = preSolution
		HideSolutionNode = FALSE
	EndGlobalSection
	GlobalSection(ExtensibilityGlobals) = postSolution
		SolutionGuid = {EE49B5D6-6072-4933-BE99-82E4B3B42C9D}
	EndGlobalSection
EndGlobal
